
Microsoft Visual Studio Solution File, Format Version 12.00
# Visual Studio 15
VisualStudioVersion = 15.0.28307.106
MinimumVisualStudioVersion = 10.0.40219.1
Project("{FAE04EC0-301F-11D3-BF4B-00C04F79EFBC}") = "BeCoreApp.Web", "BeCoreApp.Web\BeCoreApp.Web.csproj", "{C507784A-D46B-4C07-AF2A-6AD256CAA7EA}"
EndProject
Global
	GlobalSection(SolutionConfigurationPlatforms) = preSolution
		Debug|Any CPU = Debug|Any CPU
		Release|Any CPU = Release|Any CPU
	EndGlobalSection
	GlobalSection(ProjectConfigurationPlatforms) = postSolution
		{C507784A-D46B-4C07-AF2A-6AD256CAA7EA}.Debug|Any CPU.ActiveCfg = Debug|Any CPU
		{C507784A-D46B-4C07-AF2A-6AD256CAA7EA}.Debug|Any CPU.Build.0 = Debug|Any CPU
		{C507784A-D46B-4C07-AF2A-6AD256CAA7EA}.Release|Any CPU.ActiveCfg = Release|Any CPU
		{C507784A-D46B-4C07-AF2A-6AD256CAA7EA}.Release|Any CPU.Build.0 = Release|Any CPU
	EndGlobalSection
	GlobalSection(SolutionProperties) = preSolution
		HideSolutionNode = FALSE
	EndGlobalSection
	GlobalSection(ExtensibilityGlobals) = postSolution
		SolutionGuid = {F03FF209-1D9A-4381-BB85-AD3DA047A169}
	EndGlobalSection
EndGlobal
